// !$*UTF8*$!
{
	archiveVersion = 1;
	classes = {
	};
	objectVersion = 55;
	objects = {

/* Begin PBXBuildFile section */
		47244D5B28759E2C005066FB /* MaintainOffsetFlowLayout.swift in Sources */ = {isa = PBXBuildFile; fileRef = 47244D5A28759E2C005066FB /* MaintainOffsetFlowLayout.swift */; };
		47244D5E2875AB69005066FB /* FileTypeConstants.m in Sources */ = {isa = PBXBuildFile; fileRef = 47244D5D2875AB69005066FB /* FileTypeConstants.m */; };
		47244D612875ABD8005066FB /* FileTypeEnum.m in Sources */ = {isa = PBXBuildFile; fileRef = 47244D602875ABD8005066FB /* FileTypeEnum.m */; };
		472C906E286BF7A800F79ACD /* DownloadItemDTO.m in Sources */ = {isa = PBXBuildFile; fileRef = 472C906D286BF7A800F79ACD /* DownloadItemDTO.m */; };
		472C9071286C025000F79ACD /* DownloadItemPersistenceManager.m in Sources */ = {isa = PBXBuildFile; fileRef = 472C9070286C025000F79ACD /* DownloadItemPersistenceManager.m */; };
		4738942828768B9200045AFE /* DownloadItemCellDelegate.swift in Sources */ = {isa = PBXBuildFile; fileRef = 4738942728768B9200045AFE /* DownloadItemCellDelegate.swift */; };
		4738942A28768BDF00045AFE /* FileItemCellDelegate.swift in Sources */ = {isa = PBXBuildFile; fileRef = 4738942928768BDF00045AFE /* FileItemCellDelegate.swift */; };
		473B6DFF2869963200747CD8 /* FileSizeUnits.swift in Sources */ = {isa = PBXBuildFile; fileRef = 473B6DFE2869963200747CD8 /* FileSizeUnits.swift */; };
		473C64DB287FCA8900D38467 /* CustomContextMenuViewController.swift in Sources */ = {isa = PBXBuildFile; fileRef = 473C64DA287FCA8900D38467 /* CustomContextMenuViewController.swift */; };
		473C64DD287FF56400D38467 /* NotificationAlert.swift in Sources */ = {isa = PBXBuildFile; fileRef = 473C64DC287FF56400D38467 /* NotificationAlert.swift */; };
		47439F9B28865E9500FE43C9 /* CacheThumbnailImage.swift in Sources */ = {isa = PBXBuildFile; fileRef = 47439F9A28865E9500FE43C9 /* CacheThumbnailImage.swift */; };
		47439FA128869C3B00FE43C9 /* MoreSettingViewController.swift in Sources */ = {isa = PBXBuildFile; fileRef = 47439FA028869C3B00FE43C9 /* MoreSettingViewController.swift */; };
		47439FA32886BA1000FE43C9 /* MoreSettingActionItem.swift in Sources */ = {isa = PBXBuildFile; fileRef = 47439FA22886BA1000FE43C9 /* MoreSettingActionItem.swift */; };
		474A60FA2862BB2A0039B3D0 /* DownloadViewController.swift in Sources */ = {isa = PBXBuildFile; fileRef = 474A60F92862BB2A0039B3D0 /* DownloadViewController.swift */; };
		474A60FE2862CF2C0039B3D0 /* Colors.swift in Sources */ = {isa = PBXBuildFile; fileRef = 474A60FD2862CF2C0039B3D0 /* Colors.swift */; };
		474A6100286319980039B3D0 /* DownloadItemViewCell.swift in Sources */ = {isa = PBXBuildFile; fileRef = 474A60FF286319980039B3D0 /* DownloadItemViewCell.swift */; };
		474CCDA02878338600F940FF /* GifImage.swift in Sources */ = {isa = PBXBuildFile; fileRef = 474CCD9F2878338600F940FF /* GifImage.swift */; };
		475FED922873E5A90007838F /* FileItemViewCellByIcon.swift in Sources */ = {isa = PBXBuildFile; fileRef = 475FED912873E5A90007838F /* FileItemViewCellByIcon.swift */; };
		475FED96287443020007838F /* TransitionManager.swift in Sources */ = {isa = PBXBuildFile; fileRef = 475FED95287443020007838F /* TransitionManager.swift */; };
		477D34B6287D765100D3FCBD /* ContentSizedTableView.swift in Sources */ = {isa = PBXBuildFile; fileRef = 477D34B5287D765100D3FCBD /* ContentSizedTableView.swift */; };
		477D34B8287D7E9D00D3FCBD /* ContextMenuCell.swift in Sources */ = {isa = PBXBuildFile; fileRef = 477D34B7287D7E9D00D3FCBD /* ContextMenuCell.swift */; };
		477D34BA287E784F00D3FCBD /* MoveFileViewController.swift in Sources */ = {isa = PBXBuildFile; fileRef = 477D34B9287E784F00D3FCBD /* MoveFileViewController.swift */; };
		477D34BD287EC1B500D3FCBD /* FolderItem.m in Sources */ = {isa = PBXBuildFile; fileRef = 477D34BC287EC1B500D3FCBD /* FolderItem.m */; };
		478B67CD2887B27400D38B68 /* TopBarContainer.swift in Sources */ = {isa = PBXBuildFile; fileRef = 478B67CC2887B27400D38B68 /* TopBarContainer.swift */; };
		478B67CF2887B61200D38B68 /* PassCodeLockViewController.swift in Sources */ = {isa = PBXBuildFile; fileRef = 478B67CE2887B61200D38B68 /* PassCodeLockViewController.swift */; };
		478B67D12887B88E00D38B68 /* ColorResource.swift in Sources */ = {isa = PBXBuildFile; fileRef = 478B67D02887B88E00D38B68 /* ColorResource.swift */; };
		478B67D52888638D00D38B68 /* ThumbnailManager.swift in Sources */ = {isa = PBXBuildFile; fileRef = 478B67D42888638D00D38B68 /* ThumbnailManager.swift */; };
		478B67D7288A582600D38B68 /* RadiusUIImage.swift in Sources */ = {isa = PBXBuildFile; fileRef = 478B67D6288A582600D38B68 /* RadiusUIImage.swift */; };
		478B67D9288A65D100D38B68 /* PinterestLayoutAttributes.swift in Sources */ = {isa = PBXBuildFile; fileRef = 478B67D8288A65D100D38B68 /* PinterestLayoutAttributes.swift */; };
		478B67DB288B93E400D38B68 /* PinterestViewLayoutCaculator.swift in Sources */ = {isa = PBXBuildFile; fileRef = 478B67DA288B93E400D38B68 /* PinterestViewLayoutCaculator.swift */; };
		479B293E286EDE2900854350 /* FileItem.m in Sources */ = {isa = PBXBuildFile; fileRef = 479B293D286EDE2900854350 /* FileItem.m */; };
		479B2942286EE8DD00854350 /* DownloadFileManager.m in Sources */ = {isa = PBXBuildFile; fileRef = 479B2941286EE8DD00854350 /* DownloadFileManager.m */; };
		479B2944286F066100854350 /* TimeUnitsConvertor.swift in Sources */ = {isa = PBXBuildFile; fileRef = 479B2943286F066100854350 /* TimeUnitsConvertor.swift */; };
		47B380482890E4D200B32F77 /* StringResource.swift in Sources */ = {isa = PBXBuildFile; fileRef = 47B380472890E4D200B32F77 /* StringResource.swift */; };
		47CF1D232883F1990076888A /* InternetTracking.m in Sources */ = {isa = PBXBuildFile; fileRef = 47CF1D222883F1990076888A /* InternetTracking.m */; };
		47CF1D2528859D820076888A /* PinterestViewCell.swift in Sources */ = {isa = PBXBuildFile; fileRef = 47CF1D2428859D820076888A /* PinterestViewCell.swift */; };
		47CF1D272885A7370076888A /* PinterestLayout.swift in Sources */ = {isa = PBXBuildFile; fileRef = 47CF1D262885A7370076888A /* PinterestLayout.swift */; };
		47CF1D2A2885A84E0076888A /* PinterestLayoutCaculatorDelegate.swift in Sources */ = {isa = PBXBuildFile; fileRef = 47CF1D292885A84E0076888A /* PinterestLayoutCaculatorDelegate.swift */; };
		47E8E9CF286563A80005EE4D /* DimenResource.swift in Sources */ = {isa = PBXBuildFile; fileRef = 47E8E9CE286563A80005EE4D /* DimenResource.swift */; };
		47E8E9D1286577340005EE4D /* FileItemViewCellByList.swift in Sources */ = {isa = PBXBuildFile; fileRef = 47E8E9D0286577340005EE4D /* FileItemViewCellByList.swift */; };
		47E8E9D42865B9600005EE4D /* DownloadItem.m in Sources */ = {isa = PBXBuildFile; fileRef = 47E8E9D32865B9600005EE4D /* DownloadItem.m */; };
		47E8E9D72865BE420005EE4D /* DownloadManager.m in Sources */ = {isa = PBXBuildFile; fileRef = 47E8E9D62865BE420005EE4D /* DownloadManager.m */; };
		47E8E9DA2865BFC70005EE4D /* Enum.swift in Sources */ = {isa = PBXBuildFile; fileRef = 47E8E9D92865BFC70005EE4D /* Enum.swift */; };
		47FDFB52284EEFF200FDA80F /* AppDelegate.swift in Sources */ = {isa = PBXBuildFile; fileRef = 47FDFB51284EEFF200FDA80F /* AppDelegate.swift */; };
		47FDFB56284EEFF200FDA80F /* FolderViewController.swift in Sources */ = {isa = PBXBuildFile; fileRef = 47FDFB55284EEFF200FDA80F /* FolderViewController.swift */; };
		47FDFB5B284EEFF500FDA80F /* Assets.xcassets in Resources */ = {isa = PBXBuildFile; fileRef = 47FDFB5A284EEFF500FDA80F /* Assets.xcassets */; };
		47FDFB5E284EEFF500FDA80F /* LaunchScreen.storyboard in Resources */ = {isa = PBXBuildFile; fileRef = 47FDFB5C284EEFF500FDA80F /* LaunchScreen.storyboard */; };
		47FDFB69284EEFF500FDA80F /* downloaderTests.swift in Sources */ = {isa = PBXBuildFile; fileRef = 47FDFB68284EEFF500FDA80F /* downloaderTests.swift */; };
		47FDFB73284EEFF500FDA80F /* downloaderUITests.swift in Sources */ = {isa = PBXBuildFile; fileRef = 47FDFB72284EEFF500FDA80F /* downloaderUITests.swift */; };
		47FDFB75284EEFF500FDA80F /* downloaderUITestsLaunchTests.swift in Sources */ = {isa = PBXBuildFile; fileRef = 47FDFB74284EEFF500FDA80F /* downloaderUITestsLaunchTests.swift */; };
/* End PBXBuildFile section */

/* Begin PBXContainerItemProxy section */
		47FDFB65284EEFF500FDA80F /* PBXContainerItemProxy */ = {
			isa = PBXContainerItemProxy;
			containerPortal = 47FDFB46284EEFF200FDA80F /* Project object */;
			proxyType = 1;
			remoteGlobalIDString = 47FDFB4D284EEFF200FDA80F;
			remoteInfo = downloader;
		};
		47FDFB6F284EEFF500FDA80F /* PBXContainerItemProxy */ = {
			isa = PBXContainerItemProxy;
			containerPortal = 47FDFB46284EEFF200FDA80F /* Project object */;
			proxyType = 1;
			remoteGlobalIDString = 47FDFB4D284EEFF200FDA80F;
			remoteInfo = downloader;
		};
/* End PBXContainerItemProxy section */

/* Begin PBXFileReference section */
		47244D5A28759E2C005066FB /* MaintainOffsetFlowLayout.swift */ = {isa = PBXFileReference; lastKnownFileType = sourcecode.swift; path = MaintainOffsetFlowLayout.swift; sourceTree = "<group>"; };
		47244D5C2875AB69005066FB /* FileTypeConstants.h */ = {isa = PBXFileReference; lastKnownFileType = sourcecode.c.h; path = FileTypeConstants.h; sourceTree = "<group>"; };
		47244D5D2875AB69005066FB /* FileTypeConstants.m */ = {isa = PBXFileReference; lastKnownFileType = sourcecode.c.objc; path = FileTypeConstants.m; sourceTree = "<group>"; };
		47244D5F2875ABD8005066FB /* FileTypeEnum.h */ = {isa = PBXFileReference; lastKnownFileType = sourcecode.c.h; path = FileTypeEnum.h; sourceTree = "<group>"; };
		47244D602875ABD8005066FB /* FileTypeEnum.m */ = {isa = PBXFileReference; lastKnownFileType = sourcecode.c.objc; path = FileTypeEnum.m; sourceTree = "<group>"; };
		472C906C286BF7A800F79ACD /* DownloadItemDTO.h */ = {isa = PBXFileReference; lastKnownFileType = sourcecode.c.h; name = DownloadItemDTO.h; path = downloader/Models/Download/DownloadItemDTO.h; sourceTree = SOURCE_ROOT; };
		472C906D286BF7A800F79ACD /* DownloadItemDTO.m */ = {isa = PBXFileReference; lastKnownFileType = sourcecode.c.objc; name = DownloadItemDTO.m; path = downloader/Models/Download/DownloadItemDTO.m; sourceTree = SOURCE_ROOT; };
		472C906F286C025000F79ACD /* DownloadItemPersistenceManager.h */ = {isa = PBXFileReference; lastKnownFileType = sourcecode.c.h; path = DownloadItemPersistenceManager.h; sourceTree = "<group>"; };
		472C9070286C025000F79ACD /* DownloadItemPersistenceManager.m */ = {isa = PBXFileReference; lastKnownFileType = sourcecode.c.objc; path = DownloadItemPersistenceManager.m; sourceTree = "<group>"; };
		4738942728768B9200045AFE /* DownloadItemCellDelegate.swift */ = {isa = PBXFileReference; lastKnownFileType = sourcecode.swift; path = DownloadItemCellDelegate.swift; sourceTree = "<group>"; };
		4738942928768BDF00045AFE /* FileItemCellDelegate.swift */ = {isa = PBXFileReference; lastKnownFileType = sourcecode.swift; path = FileItemCellDelegate.swift; sourceTree = "<group>"; };
		473B6DFC2869537200747CD8 /* DownloadDelegate.h */ = {isa = PBXFileReference; lastKnownFileType = sourcecode.c.h; path = DownloadDelegate.h; sourceTree = "<group>"; };
		473B6DFE2869963200747CD8 /* FileSizeUnits.swift */ = {isa = PBXFileReference; lastKnownFileType = sourcecode.swift; path = FileSizeUnits.swift; sourceTree = "<group>"; };
		473C64DA287FCA8900D38467 /* CustomContextMenuViewController.swift */ = {isa = PBXFileReference; lastKnownFileType = sourcecode.swift; path = CustomContextMenuViewController.swift; sourceTree = "<group>"; };
		473C64DC287FF56400D38467 /* NotificationAlert.swift */ = {isa = PBXFileReference; lastKnownFileType = sourcecode.swift; path = NotificationAlert.swift; sourceTree = "<group>"; };
		47439F9A28865E9500FE43C9 /* CacheThumbnailImage.swift */ = {isa = PBXFileReference; lastKnownFileType = sourcecode.swift; path = CacheThumbnailImage.swift; sourceTree = "<group>"; };
		47439FA028869C3B00FE43C9 /* MoreSettingViewController.swift */ = {isa = PBXFileReference; lastKnownFileType = sourcecode.swift; path = MoreSettingViewController.swift; sourceTree = "<group>"; };
		47439FA22886BA1000FE43C9 /* MoreSettingActionItem.swift */ = {isa = PBXFileReference; lastKnownFileType = sourcecode.swift; path = MoreSettingActionItem.swift; sourceTree = "<group>"; };
		474A60F92862BB2A0039B3D0 /* DownloadViewController.swift */ = {isa = PBXFileReference; lastKnownFileType = sourcecode.swift; path = DownloadViewController.swift; sourceTree = "<group>"; };
		474A60FD2862CF2C0039B3D0 /* Colors.swift */ = {isa = PBXFileReference; lastKnownFileType = sourcecode.swift; path = Colors.swift; sourceTree = "<group>"; };
		474A60FF286319980039B3D0 /* DownloadItemViewCell.swift */ = {isa = PBXFileReference; lastKnownFileType = sourcecode.swift; path = DownloadItemViewCell.swift; sourceTree = "<group>"; };
		474CCD9F2878338600F940FF /* GifImage.swift */ = {isa = PBXFileReference; lastKnownFileType = sourcecode.swift; path = GifImage.swift; sourceTree = "<group>"; };
		475FED912873E5A90007838F /* FileItemViewCellByIcon.swift */ = {isa = PBXFileReference; lastKnownFileType = sourcecode.swift; path = FileItemViewCellByIcon.swift; sourceTree = "<group>"; };
		475FED95287443020007838F /* TransitionManager.swift */ = {isa = PBXFileReference; lastKnownFileType = sourcecode.swift; path = TransitionManager.swift; sourceTree = "<group>"; };
		477D34B5287D765100D3FCBD /* ContentSizedTableView.swift */ = {isa = PBXFileReference; lastKnownFileType = sourcecode.swift; path = ContentSizedTableView.swift; sourceTree = "<group>"; };
		477D34B7287D7E9D00D3FCBD /* ContextMenuCell.swift */ = {isa = PBXFileReference; lastKnownFileType = sourcecode.swift; path = ContextMenuCell.swift; sourceTree = "<group>"; };
		477D34B9287E784F00D3FCBD /* MoveFileViewController.swift */ = {isa = PBXFileReference; lastKnownFileType = sourcecode.swift; path = MoveFileViewController.swift; sourceTree = "<group>"; };
		477D34BB287EC1B500D3FCBD /* FolderItem.h */ = {isa = PBXFileReference; lastKnownFileType = sourcecode.c.h; path = FolderItem.h; sourceTree = "<group>"; };
		477D34BC287EC1B500D3FCBD /* FolderItem.m */ = {isa = PBXFileReference; lastKnownFileType = sourcecode.c.objc; path = FolderItem.m; sourceTree = "<group>"; };
		478B67CC2887B27400D38B68 /* TopBarContainer.swift */ = {isa = PBXFileReference; lastKnownFileType = sourcecode.swift; path = TopBarContainer.swift; sourceTree = "<group>"; };
		478B67CE2887B61200D38B68 /* PassCodeLockViewController.swift */ = {isa = PBXFileReference; lastKnownFileType = sourcecode.swift; path = PassCodeLockViewController.swift; sourceTree = "<group>"; };
		478B67D02887B88E00D38B68 /* ColorResource.swift */ = {isa = PBXFileReference; lastKnownFileType = sourcecode.swift; path = ColorResource.swift; sourceTree = "<group>"; };
		478B67D42888638D00D38B68 /* ThumbnailManager.swift */ = {isa = PBXFileReference; lastKnownFileType = sourcecode.swift; path = ThumbnailManager.swift; sourceTree = "<group>"; };
		478B67D6288A582600D38B68 /* RadiusUIImage.swift */ = {isa = PBXFileReference; lastKnownFileType = sourcecode.swift; path = RadiusUIImage.swift; sourceTree = "<group>"; };
		478B67D8288A65D100D38B68 /* PinterestLayoutAttributes.swift */ = {isa = PBXFileReference; lastKnownFileType = sourcecode.swift; path = PinterestLayoutAttributes.swift; sourceTree = "<group>"; };
		478B67DA288B93E400D38B68 /* PinterestViewLayoutCaculator.swift */ = {isa = PBXFileReference; lastKnownFileType = sourcecode.swift; path = PinterestViewLayoutCaculator.swift; sourceTree = "<group>"; };
		479B293C286EDE2900854350 /* FileItem.h */ = {isa = PBXFileReference; lastKnownFileType = sourcecode.c.h; path = FileItem.h; sourceTree = "<group>"; };
		479B293D286EDE2900854350 /* FileItem.m */ = {isa = PBXFileReference; lastKnownFileType = sourcecode.c.objc; path = FileItem.m; sourceTree = "<group>"; };
		479B2940286EE8DD00854350 /* DownloadFileManager.h */ = {isa = PBXFileReference; lastKnownFileType = sourcecode.c.h; path = DownloadFileManager.h; sourceTree = "<group>"; };
		479B2941286EE8DD00854350 /* DownloadFileManager.m */ = {isa = PBXFileReference; lastKnownFileType = sourcecode.c.objc; path = DownloadFileManager.m; sourceTree = "<group>"; };
		479B2943286F066100854350 /* TimeUnitsConvertor.swift */ = {isa = PBXFileReference; lastKnownFileType = sourcecode.swift; path = TimeUnitsConvertor.swift; sourceTree = "<group>"; };
		47B380472890E4D200B32F77 /* StringResource.swift */ = {isa = PBXFileReference; lastKnownFileType = sourcecode.swift; path = StringResource.swift; sourceTree = "<group>"; };
		47CF1D212883F1990076888A /* InternetTracking.h */ = {isa = PBXFileReference; lastKnownFileType = sourcecode.c.h; path = InternetTracking.h; sourceTree = "<group>"; };
		47CF1D222883F1990076888A /* InternetTracking.m */ = {isa = PBXFileReference; lastKnownFileType = sourcecode.c.objc; path = InternetTracking.m; sourceTree = "<group>"; };
		47CF1D2428859D820076888A /* PinterestViewCell.swift */ = {isa = PBXFileReference; lastKnownFileType = sourcecode.swift; path = PinterestViewCell.swift; sourceTree = "<group>"; };
		47CF1D262885A7370076888A /* PinterestLayout.swift */ = {isa = PBXFileReference; lastKnownFileType = sourcecode.swift; path = PinterestLayout.swift; sourceTree = "<group>"; };
		47CF1D292885A84E0076888A /* PinterestLayoutCaculatorDelegate.swift */ = {isa = PBXFileReference; lastKnownFileType = sourcecode.swift; path = PinterestLayoutCaculatorDelegate.swift; sourceTree = "<group>"; };
		47E8E9CE286563A80005EE4D /* DimenResource.swift */ = {isa = PBXFileReference; lastKnownFileType = sourcecode.swift; path = DimenResource.swift; sourceTree = "<group>"; };
		47E8E9D0286577340005EE4D /* FileItemViewCellByList.swift */ = {isa = PBXFileReference; lastKnownFileType = sourcecode.swift; path = FileItemViewCellByList.swift; sourceTree = "<group>"; };
		47E8E9D22865B9600005EE4D /* DownloadItem.h */ = {isa = PBXFileReference; lastKnownFileType = sourcecode.c.h; name = DownloadItem.h; path = downloader/Models/Download/DownloadItem.h; sourceTree = SOURCE_ROOT; };
		47E8E9D32865B9600005EE4D /* DownloadItem.m */ = {isa = PBXFileReference; lastKnownFileType = sourcecode.c.objc; name = DownloadItem.m; path = downloader/Models/Download/DownloadItem.m; sourceTree = SOURCE_ROOT; };
		47E8E9D52865BE420005EE4D /* DownloadManager.h */ = {isa = PBXFileReference; lastKnownFileType = sourcecode.c.h; path = DownloadManager.h; sourceTree = "<group>"; };
		47E8E9D62865BE420005EE4D /* DownloadManager.m */ = {isa = PBXFileReference; lastKnownFileType = sourcecode.c.objc; path = DownloadManager.m; sourceTree = "<group>"; };
		47E8E9D92865BFC70005EE4D /* Enum.swift */ = {isa = PBXFileReference; lastKnownFileType = sourcecode.swift; path = Enum.swift; sourceTree = "<group>"; };
		47FDFB4E284EEFF200FDA80F /* downloader.app */ = {isa = PBXFileReference; explicitFileType = wrapper.application; includeInIndex = 0; path = downloader.app; sourceTree = BUILT_PRODUCTS_DIR; };
		47FDFB51284EEFF200FDA80F /* AppDelegate.swift */ = {isa = PBXFileReference; lastKnownFileType = sourcecode.swift; path = AppDelegate.swift; sourceTree = "<group>"; };
		47FDFB55284EEFF200FDA80F /* FolderViewController.swift */ = {isa = PBXFileReference; lastKnownFileType = sourcecode.swift; path = FolderViewController.swift; sourceTree = "<group>"; };
		47FDFB5A284EEFF500FDA80F /* Assets.xcassets */ = {isa = PBXFileReference; lastKnownFileType = folder.assetcatalog; path = Assets.xcassets; sourceTree = "<group>"; };
		47FDFB5D284EEFF500FDA80F /* Base */ = {isa = PBXFileReference; lastKnownFileType = file.storyboard; name = Base; path = Base.lproj/LaunchScreen.storyboard; sourceTree = "<group>"; };
		47FDFB5F284EEFF500FDA80F /* Info.plist */ = {isa = PBXFileReference; lastKnownFileType = text.plist.xml; path = Info.plist; sourceTree = "<group>"; };
		47FDFB64284EEFF500FDA80F /* downloaderTests.xctest */ = {isa = PBXFileReference; explicitFileType = wrapper.cfbundle; includeInIndex = 0; path = downloaderTests.xctest; sourceTree = BUILT_PRODUCTS_DIR; };
		47FDFB68284EEFF500FDA80F /* downloaderTests.swift */ = {isa = PBXFileReference; lastKnownFileType = sourcecode.swift; path = downloaderTests.swift; sourceTree = "<group>"; };
		47FDFB6E284EEFF500FDA80F /* downloaderUITests.xctest */ = {isa = PBXFileReference; explicitFileType = wrapper.cfbundle; includeInIndex = 0; path = downloaderUITests.xctest; sourceTree = BUILT_PRODUCTS_DIR; };
		47FDFB72284EEFF500FDA80F /* downloaderUITests.swift */ = {isa = PBXFileReference; lastKnownFileType = sourcecode.swift; path = downloaderUITests.swift; sourceTree = "<group>"; };
		47FDFB74284EEFF500FDA80F /* downloaderUITestsLaunchTests.swift */ = {isa = PBXFileReference; lastKnownFileType = sourcecode.swift; path = downloaderUITestsLaunchTests.swift; sourceTree = "<group>"; };
		47FDFB91284F018C00FDA80F /* BridgingHeader.h */ = {isa = PBXFileReference; lastKnownFileType = sourcecode.c.h; path = BridgingHeader.h; sourceTree = "<group>"; };
/* End PBXFileReference section */

/* Begin PBXFrameworksBuildPhase section */
		47FDFB4B284EEFF200FDA80F /* Frameworks */ = {
			isa = PBXFrameworksBuildPhase;
			buildActionMask = 2147483647;
			files = (
			);
			runOnlyForDeploymentPostprocessing = 0;
		};
		47FDFB61284EEFF500FDA80F /* Frameworks */ = {
			isa = PBXFrameworksBuildPhase;
			buildActionMask = 2147483647;
			files = (
			);
			runOnlyForDeploymentPostprocessing = 0;
		};
		47FDFB6B284EEFF500FDA80F /* Frameworks */ = {
			isa = PBXFrameworksBuildPhase;
			buildActionMask = 2147483647;
			files = (
			);
			runOnlyForDeploymentPostprocessing = 0;
		};
/* End PBXFrameworksBuildPhase section */

/* Begin PBXGroup section */
		4738942628768B2700045AFE /* CollectionCellDelegate */ = {
			isa = PBXGroup;
			children = (
				4738942728768B9200045AFE /* DownloadItemCellDelegate.swift */,
				4738942928768BDF00045AFE /* FileItemCellDelegate.swift */,
			);
			path = CollectionCellDelegate;
			sourceTree = "<group>";
		};
		473C64D8287FC19900D38467 /* CustomColldectionViewCell */ = {
			isa = PBXGroup;
			children = (
				474A60FF286319980039B3D0 /* DownloadItemViewCell.swift */,
				477D34B7287D7E9D00D3FCBD /* ContextMenuCell.swift */,
				47E8E9D0286577340005EE4D /* FileItemViewCellByList.swift */,
				475FED912873E5A90007838F /* FileItemViewCellByIcon.swift */,
			);
			path = CustomColldectionViewCell;
			sourceTree = "<group>";
		};
		473C64D9287FCA3E00D38467 /* CustomComponents */ = {
			isa = PBXGroup;
			children = (
				473C64DA287FCA8900D38467 /* CustomContextMenuViewController.swift */,
				477D34B5287D765100D3FCBD /* ContentSizedTableView.swift */,
				47439FA22886BA1000FE43C9 /* MoreSettingActionItem.swift */,
				478B67CC2887B27400D38B68 /* TopBarContainer.swift */,
				478B67D42888638D00D38B68 /* ThumbnailManager.swift */,
			);
			path = CustomComponents;
			sourceTree = "<group>";
		};
		47439F9C28869BCE00FE43C9 /* MoreInApp */ = {
			isa = PBXGroup;
			children = (
			);
			path = MoreInApp;
			sourceTree = "<group>";
		};
		474A60FC2862CEF30039B3D0 /* Resources */ = {
			isa = PBXGroup;
			children = (
				47FDFB5A284EEFF500FDA80F /* Assets.xcassets */,
				47FDFB5C284EEFF500FDA80F /* LaunchScreen.storyboard */,
				474A60FD2862CF2C0039B3D0 /* Colors.swift */,
				47439F9A28865E9500FE43C9 /* CacheThumbnailImage.swift */,
				47E8E9CE286563A80005EE4D /* DimenResource.swift */,
				478B67D02887B88E00D38B68 /* ColorResource.swift */,
				47B380472890E4D200B32F77 /* StringResource.swift */,
			);
			path = Resources;
			sourceTree = "<group>";
		};
		474A61012863199E0039B3D0 /* ExtensionView */ = {
			isa = PBXGroup;
			children = (
				474CCD9F2878338600F940FF /* GifImage.swift */,
				473C64DC287FF56400D38467 /* NotificationAlert.swift */,
				478B67D6288A582600D38B68 /* RadiusUIImage.swift */,
			);
			path = ExtensionView;
			sourceTree = "<group>";
		};
		475FED972874491C0007838F /* CustomCollectionViewTransition */ = {
			isa = PBXGroup;
			children = (
				475FED95287443020007838F /* TransitionManager.swift */,
				47244D5A28759E2C005066FB /* MaintainOffsetFlowLayout.swift */,
			);
			path = CustomCollectionViewTransition;
			sourceTree = "<group>";
		};
		479B2938286ED77A00854350 /* Download */ = {
			isa = PBXGroup;
			children = (
				47E8E9D52865BE420005EE4D /* DownloadManager.h */,
				47E8E9D62865BE420005EE4D /* DownloadManager.m */,
				473B6DFC2869537200747CD8 /* DownloadDelegate.h */,
				472C906F286C025000F79ACD /* DownloadItemPersistenceManager.h */,
				472C9070286C025000F79ACD /* DownloadItemPersistenceManager.m */,
				47CF1D212883F1990076888A /* InternetTracking.h */,
				47CF1D222883F1990076888A /* InternetTracking.m */,
			);
			path = Download;
			sourceTree = "<group>";
		};
		479B2939286ED8DD00854350 /* ManageFile */ = {
			isa = PBXGroup;
			children = (
				479B2940286EE8DD00854350 /* DownloadFileManager.h */,
				479B2941286EE8DD00854350 /* DownloadFileManager.m */,
				47244D5C2875AB69005066FB /* FileTypeConstants.h */,
				47244D5D2875AB69005066FB /* FileTypeConstants.m */,
			);
			path = ManageFile;
			sourceTree = "<group>";
		};
		479B293A286EDABB00854350 /* Download */ = {
			isa = PBXGroup;
			children = (
				47E8E9D22865B9600005EE4D /* DownloadItem.h */,
				47E8E9D32865B9600005EE4D /* DownloadItem.m */,
				472C906C286BF7A800F79ACD /* DownloadItemDTO.h */,
				472C906D286BF7A800F79ACD /* DownloadItemDTO.m */,
			);
			path = Download;
			sourceTree = "<group>";
		};
		479B293B286EDAC400854350 /* ManageFile */ = {
			isa = PBXGroup;
			children = (
				479B293C286EDE2900854350 /* FileItem.h */,
				479B293D286EDE2900854350 /* FileItem.m */,
				47244D5F2875ABD8005066FB /* FileTypeEnum.h */,
				47244D602875ABD8005066FB /* FileTypeEnum.m */,
				477D34BB287EC1B500D3FCBD /* FolderItem.h */,
				477D34BC287EC1B500D3FCBD /* FolderItem.m */,
			);
			path = ManageFile;
			sourceTree = "<group>";
		};
		47CF1D282885A75E0076888A /* CustomPinterestCollectionView */ = {
			isa = PBXGroup;
			children = (
				47CF1D2428859D820076888A /* PinterestViewCell.swift */,
				47CF1D262885A7370076888A /* PinterestLayout.swift */,
				478B67DA288B93E400D38B68 /* PinterestViewLayoutCaculator.swift */,
				47CF1D292885A84E0076888A /* PinterestLayoutCaculatorDelegate.swift */,
				478B67D8288A65D100D38B68 /* PinterestLayoutAttributes.swift */,
			);
			path = CustomPinterestCollectionView;
			sourceTree = "<group>";
		};
		47E8E9D82865BFA40005EE4D /* Constants */ = {
			isa = PBXGroup;
			children = (
				47E8E9D92865BFC70005EE4D /* Enum.swift */,
				473B6DFE2869963200747CD8 /* FileSizeUnits.swift */,
				479B2943286F066100854350 /* TimeUnitsConvertor.swift */,
			);
			path = Constants;
			sourceTree = "<group>";
		};
		47FDFB45284EEFF200FDA80F = {
			isa = PBXGroup;
			children = (
				47FDFB50284EEFF200FDA80F /* downloader */,
				47FDFB67284EEFF500FDA80F /* downloaderTests */,
				47FDFB71284EEFF500FDA80F /* downloaderUITests */,
				47FDFB4F284EEFF200FDA80F /* Products */,
			);
			sourceTree = "<group>";
		};
		47FDFB4F284EEFF200FDA80F /* Products */ = {
			isa = PBXGroup;
			children = (
				47FDFB4E284EEFF200FDA80F /* downloader.app */,
				47FDFB64284EEFF500FDA80F /* downloaderTests.xctest */,
				47FDFB6E284EEFF500FDA80F /* downloaderUITests.xctest */,
			);
			name = Products;
			sourceTree = "<group>";
		};
		47FDFB50284EEFF200FDA80F /* downloader */ = {
			isa = PBXGroup;
			children = (
				47FDFB5F284EEFF500FDA80F /* Info.plist */,
				47E8E9D82865BFA40005EE4D /* Constants */,
				47FDFB51284EEFF200FDA80F /* AppDelegate.swift */,
				47FDFB91284F018C00FDA80F /* BridgingHeader.h */,
				47FDFB8D284F007D00FDA80F /* Controller */,
				47FDFB8C284F007500FDA80F /* Models */,
				474A60FC2862CEF30039B3D0 /* Resources */,
				47FDFB8A284F004D00FDA80F /* View */,
			);
			path = downloader;
			sourceTree = "<group>";
		};
		47FDFB67284EEFF500FDA80F /* downloaderTests */ = {
			isa = PBXGroup;
			children = (
				47FDFB68284EEFF500FDA80F /* downloaderTests.swift */,
			);
			path = downloaderTests;
			sourceTree = "<group>";
		};
		47FDFB71284EEFF500FDA80F /* downloaderUITests */ = {
			isa = PBXGroup;
			children = (
				47FDFB72284EEFF500FDA80F /* downloaderUITests.swift */,
				47FDFB74284EEFF500FDA80F /* downloaderUITestsLaunchTests.swift */,
			);
			path = downloaderUITests;
			sourceTree = "<group>";
		};
		47FDFB8A284F004D00FDA80F /* View */ = {
			isa = PBXGroup;
			children = (
				47CF1D282885A75E0076888A /* CustomPinterestCollectionView */,
				473C64D9287FCA3E00D38467 /* CustomComponents */,
				473C64D8287FC19900D38467 /* CustomColldectionViewCell */,
				4738942628768B2700045AFE /* CollectionCellDelegate */,
				475FED972874491C0007838F /* CustomCollectionViewTransition */,
				474A61012863199E0039B3D0 /* ExtensionView */,
				47FDFB55284EEFF200FDA80F /* FolderViewController.swift */,
				477D34B9287E784F00D3FCBD /* MoveFileViewController.swift */,
				474A60F92862BB2A0039B3D0 /* DownloadViewController.swift */,
				47439FA028869C3B00FE43C9 /* MoreSettingViewController.swift */,
				478B67CE2887B61200D38B68 /* PassCodeLockViewController.swift */,
			);
			path = View;
			sourceTree = "<group>";
		};
		47FDFB8C284F007500FDA80F /* Models */ = {
			isa = PBXGroup;
			children = (
				479B293B286EDAC400854350 /* ManageFile */,
				479B293A286EDABB00854350 /* Download */,
			);
			path = Models;
			sourceTree = "<group>";
		};
		47FDFB8D284F007D00FDA80F /* Controller */ = {
			isa = PBXGroup;
			children = (
				47439F9C28869BCE00FE43C9 /* MoreInApp */,
				479B2939286ED8DD00854350 /* ManageFile */,
				479B2938286ED77A00854350 /* Download */,
			);
			path = Controller;
			sourceTree = "<group>";
		};
/* End PBXGroup section */

/* Begin PBXNativeTarget section */
		47FDFB4D284EEFF200FDA80F /* downloader */ = {
			isa = PBXNativeTarget;
			buildConfigurationList = 47FDFB78284EEFF500FDA80F /* Build configuration list for PBXNativeTarget "downloader" */;
			buildPhases = (
				47FDFB4A284EEFF200FDA80F /* Sources */,
				47FDFB4B284EEFF200FDA80F /* Frameworks */,
				47FDFB4C284EEFF200FDA80F /* Resources */,
			);
			buildRules = (
			);
			dependencies = (
			);
			name = downloader;
			productName = downloader;
			productReference = 47FDFB4E284EEFF200FDA80F /* downloader.app */;
			productType = "com.apple.product-type.application";
		};
		47FDFB63284EEFF500FDA80F /* downloaderTests */ = {
			isa = PBXNativeTarget;
			buildConfigurationList = 47FDFB7B284EEFF500FDA80F /* Build configuration list for PBXNativeTarget "downloaderTests" */;
			buildPhases = (
				47FDFB60284EEFF500FDA80F /* Sources */,
				47FDFB61284EEFF500FDA80F /* Frameworks */,
				47FDFB62284EEFF500FDA80F /* Resources */,
			);
			buildRules = (
			);
			dependencies = (
				47FDFB66284EEFF500FDA80F /* PBXTargetDependency */,
			);
			name = downloaderTests;
			productName = downloaderTests;
			productReference = 47FDFB64284EEFF500FDA80F /* downloaderTests.xctest */;
			productType = "com.apple.product-type.bundle.unit-test";
		};
		47FDFB6D284EEFF500FDA80F /* downloaderUITests */ = {
			isa = PBXNativeTarget;
			buildConfigurationList = 47FDFB7E284EEFF500FDA80F /* Build configuration list for PBXNativeTarget "downloaderUITests" */;
			buildPhases = (
				47FDFB6A284EEFF500FDA80F /* Sources */,
				47FDFB6B284EEFF500FDA80F /* Frameworks */,
				47FDFB6C284EEFF500FDA80F /* Resources */,
			);
			buildRules = (
			);
			dependencies = (
				47FDFB70284EEFF500FDA80F /* PBXTargetDependency */,
			);
			name = downloaderUITests;
			productName = downloaderUITests;
			productReference = 47FDFB6E284EEFF500FDA80F /* downloaderUITests.xctest */;
			productType = "com.apple.product-type.bundle.ui-testing";
		};
/* End PBXNativeTarget section */

/* Begin PBXProject section */
		47FDFB46284EEFF200FDA80F /* Project object */ = {
			isa = PBXProject;
			attributes = {
				BuildIndependentTargetsInParallel = 1;
				LastSwiftUpdateCheck = 1330;
				LastUpgradeCheck = 1330;
				TargetAttributes = {
					47FDFB4D284EEFF200FDA80F = {
						CreatedOnToolsVersion = 13.3.1;
						LastSwiftMigration = 1330;
					};
					47FDFB63284EEFF500FDA80F = {
						CreatedOnToolsVersion = 13.3.1;
						TestTargetID = 47FDFB4D284EEFF200FDA80F;
					};
					47FDFB6D284EEFF500FDA80F = {
						CreatedOnToolsVersion = 13.3.1;
						TestTargetID = 47FDFB4D284EEFF200FDA80F;
					};
				};
			};
			buildConfigurationList = 47FDFB49284EEFF200FDA80F /* Build configuration list for PBXProject "downloader" */;
			compatibilityVersion = "Xcode 13.0";
			developmentRegion = en;
			hasScannedForEncodings = 0;
			knownRegions = (
				en,
				Base,
			);
			mainGroup = 47FDFB45284EEFF200FDA80F;
			productRefGroup = 47FDFB4F284EEFF200FDA80F /* Products */;
			projectDirPath = "";
			projectRoot = "";
			targets = (
				47FDFB4D284EEFF200FDA80F /* downloader */,
				47FDFB63284EEFF500FDA80F /* downloaderTests */,
				47FDFB6D284EEFF500FDA80F /* downloaderUITests */,
			);
		};
/* End PBXProject section */

/* Begin PBXResourcesBuildPhase section */
		47FDFB4C284EEFF200FDA80F /* Resources */ = {
			isa = PBXResourcesBuildPhase;
			buildActionMask = 2147483647;
			files = (
				47FDFB5E284EEFF500FDA80F /* LaunchScreen.storyboard in Resources */,
				47FDFB5B284EEFF500FDA80F /* Assets.xcassets in Resources */,
			);
			runOnlyForDeploymentPostprocessing = 0;
		};
		47FDFB62284EEFF500FDA80F /* Resources */ = {
			isa = PBXResourcesBuildPhase;
			buildActionMask = 2147483647;
			files = (
			);
			runOnlyForDeploymentPostprocessing = 0;
		};
		47FDFB6C284EEFF500FDA80F /* Resources */ = {
			isa = PBXResourcesBuildPhase;
			buildActionMask = 2147483647;
			files = (
			);
			runOnlyForDeploymentPostprocessing = 0;
		};
/* End PBXResourcesBuildPhase section */

/* Begin PBXSourcesBuildPhase section */
		47FDFB4A284EEFF200FDA80F /* Sources */ = {
			isa = PBXSourcesBuildPhase;
			buildActionMask = 2147483647;
			files = (
				47244D612875ABD8005066FB /* FileTypeEnum.m in Sources */,
				475FED96287443020007838F /* TransitionManager.swift in Sources */,
				474CCDA02878338600F940FF /* GifImage.swift in Sources */,
				47CF1D2A2885A84E0076888A /* PinterestLayoutCaculatorDelegate.swift in Sources */,
				478B67D52888638D00D38B68 /* ThumbnailManager.swift in Sources */,
				477D34B8287D7E9D00D3FCBD /* ContextMenuCell.swift in Sources */,
				47E8E9D42865B9600005EE4D /* DownloadItem.m in Sources */,
				47244D5E2875AB69005066FB /* FileTypeConstants.m in Sources */,
				47FDFB56284EEFF200FDA80F /* FolderViewController.swift in Sources */,
				47439FA128869C3B00FE43C9 /* MoreSettingViewController.swift in Sources */,
				47E8E9CF286563A80005EE4D /* DimenResource.swift in Sources */,
				473C64DB287FCA8900D38467 /* CustomContextMenuViewController.swift in Sources */,
				475FED922873E5A90007838F /* FileItemViewCellByIcon.swift in Sources */,
				478B67D12887B88E00D38B68 /* ColorResource.swift in Sources */,
				47CF1D272885A7370076888A /* PinterestLayout.swift in Sources */,
				478B67DB288B93E400D38B68 /* PinterestViewLayoutCaculator.swift in Sources */,
				473B6DFF2869963200747CD8 /* FileSizeUnits.swift in Sources */,
				477D34BD287EC1B500D3FCBD /* FolderItem.m in Sources */,
				474A6100286319980039B3D0 /* DownloadItemViewCell.swift in Sources */,
				474A60FE2862CF2C0039B3D0 /* Colors.swift in Sources */,
				472C906E286BF7A800F79ACD /* DownloadItemDTO.m in Sources */,
				474A60FA2862BB2A0039B3D0 /* DownloadViewController.swift in Sources */,
				479B2942286EE8DD00854350 /* DownloadFileManager.m in Sources */,
				478B67CD2887B27400D38B68 /* TopBarContainer.swift in Sources */,
				472C9071286C025000F79ACD /* DownloadItemPersistenceManager.m in Sources */,
				478B67D7288A582600D38B68 /* RadiusUIImage.swift in Sources */,
				47E8E9D1286577340005EE4D /* FileItemViewCellByList.swift in Sources */,
				47CF1D2528859D820076888A /* PinterestViewCell.swift in Sources */,
				479B2944286F066100854350 /* TimeUnitsConvertor.swift in Sources */,
				47244D5B28759E2C005066FB /* MaintainOffsetFlowLayout.swift in Sources */,
				479B293E286EDE2900854350 /* FileItem.m in Sources */,
				478B67CF2887B61200D38B68 /* PassCodeLockViewController.swift in Sources */,
				47439FA32886BA1000FE43C9 /* MoreSettingActionItem.swift in Sources */,
				47FDFB52284EEFF200FDA80F /* AppDelegate.swift in Sources */,
				477D34BA287E784F00D3FCBD /* MoveFileViewController.swift in Sources */,
				473C64DD287FF56400D38467 /* NotificationAlert.swift in Sources */,
				47B380482890E4D200B32F77 /* StringResource.swift in Sources */,
				4738942A28768BDF00045AFE /* FileItemCellDelegate.swift in Sources */,
				47439F9B28865E9500FE43C9 /* CacheThumbnailImage.swift in Sources */,
				478B67D9288A65D100D38B68 /* PinterestLayoutAttributes.swift in Sources */,
				47E8E9DA2865BFC70005EE4D /* Enum.swift in Sources */,
				4738942828768B9200045AFE /* DownloadItemCellDelegate.swift in Sources */,
				477D34B6287D765100D3FCBD /* ContentSizedTableView.swift in Sources */,
				47CF1D232883F1990076888A /* InternetTracking.m in Sources */,
				47E8E9D72865BE420005EE4D /* DownloadManager.m in Sources */,
			);
			runOnlyForDeploymentPostprocessing = 0;
		};
		47FDFB60284EEFF500FDA80F /* Sources */ = {
			isa = PBXSourcesBuildPhase;
			buildActionMask = 2147483647;
			files = (
				47FDFB69284EEFF500FDA80F /* downloaderTests.swift in Sources */,
			);
			runOnlyForDeploymentPostprocessing = 0;
		};
		47FDFB6A284EEFF500FDA80F /* Sources */ = {
			isa = PBXSourcesBuildPhase;
			buildActionMask = 2147483647;
			files = (
				47FDFB73284EEFF500FDA80F /* downloaderUITests.swift in Sources */,
				47FDFB75284EEFF500FDA80F /* downloaderUITestsLaunchTests.swift in Sources */,
			);
			runOnlyForDeploymentPostprocessing = 0;
		};
/* End PBXSourcesBuildPhase section */

/* Begin PBXTargetDependency section */
		47FDFB66284EEFF500FDA80F /* PBXTargetDependency */ = {
			isa = PBXTargetDependency;
			target = 47FDFB4D284EEFF200FDA80F /* downloader */;
			targetProxy = 47FDFB65284EEFF500FDA80F /* PBXContainerItemProxy */;
		};
		47FDFB70284EEFF500FDA80F /* PBXTargetDependency */ = {
			isa = PBXTargetDependency;
			target = 47FDFB4D284EEFF200FDA80F /* downloader */;
			targetProxy = 47FDFB6F284EEFF500FDA80F /* PBXContainerItemProxy */;
		};
/* End PBXTargetDependency section */

/* Begin PBXVariantGroup section */
		47FDFB5C284EEFF500FDA80F /* LaunchScreen.storyboard */ = {
			isa = PBXVariantGroup;
			children = (
				47FDFB5D284EEFF500FDA80F /* Base */,
			);
			name = LaunchScreen.storyboard;
			sourceTree = "<group>";
		};
/* End PBXVariantGroup section */

/* Begin XCBuildConfiguration section */
		47FDFB76284EEFF500FDA80F /* Debug */ = {
			isa = XCBuildConfiguration;
			buildSettings = {
				ALWAYS_SEARCH_USER_PATHS = NO;
				CLANG_ANALYZER_NONNULL = YES;
				CLANG_ANALYZER_NUMBER_OBJECT_CONVERSION = YES_AGGRESSIVE;
				CLANG_CXX_LANGUAGE_STANDARD = "gnu++17";
				CLANG_ENABLE_MODULES = YES;
				CLANG_ENABLE_OBJC_ARC = YES;
				CLANG_ENABLE_OBJC_WEAK = YES;
				CLANG_WARN_BLOCK_CAPTURE_AUTORELEASING = YES;
				CLANG_WARN_BOOL_CONVERSION = YES;
				CLANG_WARN_COMMA = YES;
				CLANG_WARN_CONSTANT_CONVERSION = YES;
				CLANG_WARN_DEPRECATED_OBJC_IMPLEMENTATIONS = YES;
				CLANG_WARN_DIRECT_OBJC_ISA_USAGE = YES_ERROR;
				CLANG_WARN_DOCUMENTATION_COMMENTS = YES;
				CLANG_WARN_EMPTY_BODY = YES;
				CLANG_WARN_ENUM_CONVERSION = YES;
				CLANG_WARN_INFINITE_RECURSION = YES;
				CLANG_WARN_INT_CONVERSION = YES;
				CLANG_WARN_NON_LITERAL_NULL_CONVERSION = YES;
				CLANG_WARN_OBJC_IMPLICIT_RETAIN_SELF = YES;
				CLANG_WARN_OBJC_LITERAL_CONVERSION = YES;
				CLANG_WARN_OBJC_ROOT_CLASS = YES_ERROR;
				CLANG_WARN_QUOTED_INCLUDE_IN_FRAMEWORK_HEADER = YES;
				CLANG_WARN_RANGE_LOOP_ANALYSIS = YES;
				CLANG_WARN_STRICT_PROTOTYPES = YES;
				CLANG_WARN_SUSPICIOUS_MOVE = YES;
				CLANG_WARN_UNGUARDED_AVAILABILITY = YES_AGGRESSIVE;
				CLANG_WARN_UNREACHABLE_CODE = YES;
				CLANG_WARN__DUPLICATE_METHOD_MATCH = YES;
				COPY_PHASE_STRIP = NO;
				DEBUG_INFORMATION_FORMAT = dwarf;
				ENABLE_STRICT_OBJC_MSGSEND = YES;
				ENABLE_TESTABILITY = YES;
				GCC_C_LANGUAGE_STANDARD = gnu11;
				GCC_DYNAMIC_NO_PIC = NO;
				GCC_NO_COMMON_BLOCKS = YES;
				GCC_OPTIMIZATION_LEVEL = 0;
				GCC_PREPROCESSOR_DEFINITIONS = (
					"DEBUG=1",
					"$(inherited)",
				);
				GCC_WARN_64_TO_32_BIT_CONVERSION = YES;
				GCC_WARN_ABOUT_RETURN_TYPE = YES_ERROR;
				GCC_WARN_UNDECLARED_SELECTOR = YES;
				GCC_WARN_UNINITIALIZED_AUTOS = YES_AGGRESSIVE;
				GCC_WARN_UNUSED_FUNCTION = YES;
				GCC_WARN_UNUSED_VARIABLE = YES;
				IPHONEOS_DEPLOYMENT_TARGET = 10.0;
				MTL_ENABLE_DEBUG_INFO = INCLUDE_SOURCE;
				MTL_FAST_MATH = YES;
				ONLY_ACTIVE_ARCH = YES;
				SDKROOT = iphoneos;
				SWIFT_ACTIVE_COMPILATION_CONDITIONS = DEBUG;
				SWIFT_OPTIMIZATION_LEVEL = "-Onone";
			};
			name = Debug;
		};
		47FDFB77284EEFF500FDA80F /* Release */ = {
			isa = XCBuildConfiguration;
			buildSettings = {
				ALWAYS_SEARCH_USER_PATHS = NO;
				CLANG_ANALYZER_NONNULL = YES;
				CLANG_ANALYZER_NUMBER_OBJECT_CONVERSION = YES_AGGRESSIVE;
				CLANG_CXX_LANGUAGE_STANDARD = "gnu++17";
				CLANG_ENABLE_MODULES = YES;
				CLANG_ENABLE_OBJC_ARC = YES;
				CLANG_ENABLE_OBJC_WEAK = YES;
				CLANG_WARN_BLOCK_CAPTURE_AUTORELEASING = YES;
				CLANG_WARN_BOOL_CONVERSION = YES;
				CLANG_WARN_COMMA = YES;
				CLANG_WARN_CONSTANT_CONVERSION = YES;
				CLANG_WARN_DEPRECATED_OBJC_IMPLEMENTATIONS = YES;
				CLANG_WARN_DIRECT_OBJC_ISA_USAGE = YES_ERROR;
				CLANG_WARN_DOCUMENTATION_COMMENTS = YES;
				CLANG_WARN_EMPTY_BODY = YES;
				CLANG_WARN_ENUM_CONVERSION = YES;
				CLANG_WARN_INFINITE_RECURSION = YES;
				CLANG_WARN_INT_CONVERSION = YES;
				CLANG_WARN_NON_LITERAL_NULL_CONVERSION = YES;
				CLANG_WARN_OBJC_IMPLICIT_RETAIN_SELF = YES;
				CLANG_WARN_OBJC_LITERAL_CONVERSION = YES;
				CLANG_WARN_OBJC_ROOT_CLASS = YES_ERROR;
				CLANG_WARN_QUOTED_INCLUDE_IN_FRAMEWORK_HEADER = YES;
				CLANG_WARN_RANGE_LOOP_ANALYSIS = YES;
				CLANG_WARN_STRICT_PROTOTYPES = YES;
				CLANG_WARN_SUSPICIOUS_MOVE = YES;
				CLANG_WARN_UNGUARDED_AVAILABILITY = YES_AGGRESSIVE;
				CLANG_WARN_UNREACHABLE_CODE = YES;
				CLANG_WARN__DUPLICATE_METHOD_MATCH = YES;
				COPY_PHASE_STRIP = NO;
				DEBUG_INFORMATION_FORMAT = "dwarf-with-dsym";
				ENABLE_NS_ASSERTIONS = NO;
				ENABLE_STRICT_OBJC_MSGSEND = YES;
				GCC_C_LANGUAGE_STANDARD = gnu11;
				GCC_NO_COMMON_BLOCKS = YES;
				GCC_WARN_64_TO_32_BIT_CONVERSION = YES;
				GCC_WARN_ABOUT_RETURN_TYPE = YES_ERROR;
				GCC_WARN_UNDECLARED_SELECTOR = YES;
				GCC_WARN_UNINITIALIZED_AUTOS = YES_AGGRESSIVE;
				GCC_WARN_UNUSED_FUNCTION = YES;
				GCC_WARN_UNUSED_VARIABLE = YES;
				IPHONEOS_DEPLOYMENT_TARGET = 10.0;
				MTL_ENABLE_DEBUG_INFO = NO;
				MTL_FAST_MATH = YES;
				SDKROOT = iphoneos;
				SWIFT_COMPILATION_MODE = wholemodule;
				SWIFT_OPTIMIZATION_LEVEL = "-O";
				VALIDATE_PRODUCT = YES;
			};
			name = Release;
		};
		47FDFB79284EEFF500FDA80F /* Debug */ = {
			isa = XCBuildConfiguration;
			buildSettings = {
				ASSETCATALOG_COMPILER_APPICON_NAME = AppIcon;
				ASSETCATALOG_COMPILER_GLOBAL_ACCENT_COLOR_NAME = AccentColor;
				CLANG_ENABLE_MODULES = YES;
				CODE_SIGN_STYLE = Automatic;
				CURRENT_PROJECT_VERSION = 1;
				DEVELOPMENT_TEAM = 554VSAA49K;
				GENERATE_INFOPLIST_FILE = YES;
				INFOPLIST_FILE = downloader/Info.plist;
				INFOPLIST_KEY_UIApplicationSupportsIndirectInputEvents = YES;
				INFOPLIST_KEY_UILaunchStoryboardName = LaunchScreen;
				INFOPLIST_KEY_UISupportedInterfaceOrientations_iPad = "UIInterfaceOrientationPortrait UIInterfaceOrientationPortraitUpsideDown UIInterfaceOrientationLandscapeLeft UIInterfaceOrientationLandscapeRight";
				INFOPLIST_KEY_UISupportedInterfaceOrientations_iPhone = "UIInterfaceOrientationPortrait UIInterfaceOrientationLandscapeLeft UIInterfaceOrientationLandscapeRight";
				LD_RUNPATH_SEARCH_PATHS = (
					"$(inherited)",
					"@executable_path/Frameworks",
				);
				MARKETING_VERSION = 1.0;
				PRODUCT_BUNDLE_IDENTIFIER = vng.downloader;
				PRODUCT_NAME = "$(TARGET_NAME)";
				SWIFT_EMIT_LOC_STRINGS = YES;
				SWIFT_OBJC_BRIDGING_HEADER = downloader/BridgingHeader.h;
				SWIFT_OPTIMIZATION_LEVEL = "-Onone";
				SWIFT_VERSION = 5.0;
				TARGETED_DEVICE_FAMILY = "1,2";
			};
			name = Debug;
		};
		47FDFB7A284EEFF500FDA80F /* Release */ = {
			isa = XCBuildConfiguration;
			buildSettings = {
				ASSETCATALOG_COMPILER_APPICON_NAME = AppIcon;
				ASSETCATALOG_COMPILER_GLOBAL_ACCENT_COLOR_NAME = AccentColor;
				CLANG_ENABLE_MODULES = YES;
				CODE_SIGN_IDENTITY = "Apple Development";
				CODE_SIGN_STYLE = Automatic;
				CURRENT_PROJECT_VERSION = 1;
				DEVELOPMENT_TEAM = 554VSAA49K;
				GENERATE_INFOPLIST_FILE = YES;
				INFOPLIST_FILE = downloader/Info.plist;
				INFOPLIST_KEY_UIApplicationSupportsIndirectInputEvents = YES;
				INFOPLIST_KEY_UILaunchStoryboardName = LaunchScreen;
				INFOPLIST_KEY_UISupportedInterfaceOrientations_iPad = "UIInterfaceOrientationPortrait UIInterfaceOrientationPortraitUpsideDown UIInterfaceOrientationLandscapeLeft UIInterfaceOrientationLandscapeRight";
				INFOPLIST_KEY_UISupportedInterfaceOrientations_iPhone = "UIInterfaceOrientationPortrait UIInterfaceOrientationLandscapeLeft UIInterfaceOrientationLandscapeRight";
				LD_RUNPATH_SEARCH_PATHS = (
					"$(inherited)",
					"@executable_path/Frameworks",
				);
				MARKETING_VERSION = 1.0;
				PRODUCT_BUNDLE_IDENTIFIER = vng.downloader;
				PRODUCT_NAME = "$(TARGET_NAME)";
				PROVISIONING_PROFILE_SPECIFIER = "";
				SWIFT_EMIT_LOC_STRINGS = YES;
				SWIFT_OBJC_BRIDGING_HEADER = downloader/BridgingHeader.h;
				SWIFT_VERSION = 5.0;
				TARGETED_DEVICE_FAMILY = "1,2";
			};
			name = Release;
		};
		47FDFB7C284EEFF500FDA80F /* Debug */ = {
			isa = XCBuildConfiguration;
			buildSettings = {
				ALWAYS_EMBED_SWIFT_STANDARD_LIBRARIES = YES;
				BUNDLE_LOADER = "$(TEST_HOST)";
				CODE_SIGN_STYLE = Automatic;
				CURRENT_PROJECT_VERSION = 1;
				GENERATE_INFOPLIST_FILE = YES;
				IPHONEOS_DEPLOYMENT_TARGET = 15.4;
				MARKETING_VERSION = 1.0;
				PRODUCT_BUNDLE_IDENTIFIER = vng.downloaderTests;
				PRODUCT_NAME = "$(TARGET_NAME)";
				SWIFT_EMIT_LOC_STRINGS = NO;
				SWIFT_VERSION = 5.0;
				TARGETED_DEVICE_FAMILY = "1,2";
				TEST_HOST = "$(BUILT_PRODUCTS_DIR)/downloader.app/downloader";
			};
			name = Debug;
		};
		47FDFB7D284EEFF500FDA80F /* Release */ = {
			isa = XCBuildConfiguration;
			buildSettings = {
				ALWAYS_EMBED_SWIFT_STANDARD_LIBRARIES = YES;
				BUNDLE_LOADER = "$(TEST_HOST)";
				CODE_SIGN_STYLE = Automatic;
				CURRENT_PROJECT_VERSION = 1;
				GENERATE_INFOPLIST_FILE = YES;
				IPHONEOS_DEPLOYMENT_TARGET = 15.4;
				MARKETING_VERSION = 1.0;
				PRODUCT_BUNDLE_IDENTIFIER = vng.downloaderTests;
				PRODUCT_NAME = "$(TARGET_NAME)";
				SWIFT_EMIT_LOC_STRINGS = NO;
				SWIFT_VERSION = 5.0;
				TARGETED_DEVICE_FAMILY = "1,2";
				TEST_HOST = "$(BUILT_PRODUCTS_DIR)/downloader.app/downloader";
			};
			name = Release;
		};
		47FDFB7F284EEFF500FDA80F /* Debug */ = {
			isa = XCBuildConfiguration;
			buildSettings = {
				ALWAYS_EMBED_SWIFT_STANDARD_LIBRARIES = YES;
				CODE_SIGN_STYLE = Automatic;
				CURRENT_PROJECT_VERSION = 1;
				GENERATE_INFOPLIST_FILE = YES;
				MARKETING_VERSION = 1.0;
				PRODUCT_BUNDLE_IDENTIFIER = vng.downloaderUITests;
				PRODUCT_NAME = "$(TARGET_NAME)";
				SWIFT_EMIT_LOC_STRINGS = NO;
				SWIFT_VERSION = 5.0;
				TARGETED_DEVICE_FAMILY = "1,2";
				TEST_TARGET_NAME = downloader;
			};
			name = Debug;
		};
		47FDFB80284EEFF500FDA80F /* Release */ = {
			isa = XCBuildConfiguration;
			buildSettings = {
				ALWAYS_EMBED_SWIFT_STANDARD_LIBRARIES = YES;
				CODE_SIGN_STYLE = Automatic;
				CURRENT_PROJECT_VERSION = 1;
				GENERATE_INFOPLIST_FILE = YES;
				MARKETING_VERSION = 1.0;
				PRODUCT_BUNDLE_IDENTIFIER = vng.downloaderUITests;
				PRODUCT_NAME = "$(TARGET_NAME)";
				SWIFT_EMIT_LOC_STRINGS = NO;
				SWIFT_VERSION = 5.0;
				TARGETED_DEVICE_FAMILY = "1,2";
				TEST_TARGET_NAME = downloader;
			};
			name = Release;
		};
/* End XCBuildConfiguration section */

/* Begin XCConfigurationList section */
		47FDFB49284EEFF200FDA80F /* Build configuration list for PBXProject "downloader" */ = {
			isa = XCConfigurationList;
			buildConfigurations = (
				47FDFB76284EEFF500FDA80F /* Debug */,
				47FDFB77284EEFF500FDA80F /* Release */,
			);
			defaultConfigurationIsVisible = 0;
			defaultConfigurationName = Release;
		};
		47FDFB78284EEFF500FDA80F /* Build configuration list for PBXNativeTarget "downloader" */ = {
			isa = XCConfigurationList;
			buildConfigurations = (
				47FDFB79284EEFF500FDA80F /* Debug */,
				47FDFB7A284EEFF500FDA80F /* Release */,
			);
			defaultConfigurationIsVisible = 0;
			defaultConfigurationName = Release;
		};
		47FDFB7B284EEFF500FDA80F /* Build configuration list for PBXNativeTarget "downloaderTests" */ = {
			isa = XCConfigurationList;
			buildConfigurations = (
				47FDFB7C284EEFF500FDA80F /* Debug */,
				47FDFB7D284EEFF500FDA80F /* Release */,
			);
			defaultConfigurationIsVisible = 0;
			defaultConfigurationName = Release;
		};
		47FDFB7E284EEFF500FDA80F /* Build configuration list for PBXNativeTarget "downloaderUITests" */ = {
			isa = XCConfigurationList;
			buildConfigurations = (
				47FDFB7F284EEFF500FDA80F /* Debug */,
				47FDFB80284EEFF500FDA80F /* Release */,
			);
			defaultConfigurationIsVisible = 0;
			defaultConfigurationName = Release;
		};
/* End XCConfigurationList section */
	};
	rootObject = 47FDFB46284EEFF200FDA80F /* Project object */;
}
